
Microsoft Visual Studio Solution File, Format Version 12.00
# Visual Studio Version 17
VisualStudioVersion = 17.11.35219.272
MinimumVisualStudioVersion = 10.0.40219.1
Project("{FAE04EC0-301F-11D3-BF4B-00C04F79EFBC}") = "WinFormsDemo", "WinFormsDemo\WinFormsDemo.csproj", "{6075AE20-FFE6-4522-AC26-09F5756ABEDA}"
EndProject
Project("{FAE04EC0-301F-11D3-BF4B-00C04F79EFBC}") = "BetterWinFormsDemo", "BetterWinFormsDemo\BetterWinFormsDemo.csproj", "{785B20F3-C782-499F-9119-2C5CD7E1B248}"
EndProject
Global
	GlobalSection(SolutionConfigurationPlatforms) = preSolution
		Debug|Any CPU = Debug|Any CPU
		Release|Any CPU = Release|Any CPU
	EndGlobalSection
	GlobalSection(ProjectConfigurationPlatforms) = postSolution
		{6075AE20-FFE6-4522-AC26-09F5756ABEDA}.Debug|Any CPU.ActiveCfg = Debug|Any CPU
		{6075AE20-FFE6-4522-AC26-09F5756ABEDA}.Debug|Any CPU.Build.0 = Debug|Any CPU
		{6075AE20-FFE6-4522-AC26-09F5756ABEDA}.Release|Any CPU.ActiveCfg = Release|Any CPU
		{6075AE20-FFE6-4522-AC26-09F5756ABEDA}.Release|Any CPU.Build.0 = Release|Any CPU
		{785B20F3-C782-499F-9119-2C5CD7E1B248}.Debug|Any CPU.ActiveCfg = Debug|Any CPU
		{785B20F3-C782-499F-9119-2C5CD7E1B248}.Debug|Any CPU.Build.0 = Debug|Any CPU
		{785B20F3-C782-499F-9119-2C5CD7E1B248}.Release|Any CPU.ActiveCfg = Release|Any CPU
		{785B20F3-C782-499F-9119-2C5CD7E1B248}.Release|Any CPU.Build.0 = Release|Any CPU
	EndGlobalSection
	GlobalSection(SolutionProperties) = preSolution
		HideSolutionNode = FALSE
	EndGlobalSection
	GlobalSection(ExtensibilityGlobals) = postSolution
		SolutionGuid = {2666F9DA-FDBB-44AC-9DF8-2A9C06AF309E}
	EndGlobalSection
EndGlobal
